
Microsoft Visual Studio Solution File, Format Version 12.00
# Visual Studio Version 17
VisualStudioVersion = 17.7.34031.279
MinimumVisualStudioVersion = 10.0.40219.1
Project("{FAE04EC0-301F-11D3-BF4B-00C04F79EFBC}") = "LaBiKo", "LaBiKo\LaBiKo.csproj", "{C9367772-2134-4D3C-8DE9-8947EB9B4FCE}"
EndProject
Global
	GlobalSection(SolutionConfigurationPlatforms) = preSolution
		Debug|Any CPU = Debug|Any CPU
		Release|Any CPU = Release|Any CPU
	EndGlobalSection
	GlobalSection(ProjectConfigurationPlatforms) = postSolution
		{C9367772-2134-4D3C-8DE9-8947EB9B4FCE}.Debug|Any CPU.ActiveCfg = Debug|Any CPU
		{C9367772-2134-4D3C-8DE9-8947EB9B4FCE}.Debug|Any CPU.Build.0 = Debug|Any CPU
		{C9367772-2134-4D3C-8DE9-8947EB9B4FCE}.Release|Any CPU.ActiveCfg = Release|Any CPU
		{C9367772-2134-4D3C-8DE9-8947EB9B4FCE}.Release|Any CPU.Build.0 = Release|Any CPU
	EndGlobalSection
	GlobalSection(SolutionProperties) = preSolution
		HideSolutionNode = FALSE
	EndGlobalSection
	GlobalSection(ExtensibilityGlobals) = postSolution
		SolutionGuid = {5AAD8B2F-C019-4931-960B-5BBFAB76BA45}
	EndGlobalSection
EndGlobal
