
Microsoft Visual Studio Solution File, Format Version 12.00
# Visual Studio Version 17
VisualStudioVersion = 17.8.34330.188
MinimumVisualStudioVersion = 10.0.40219.1
Project("{FAE04EC0-301F-11D3-BF4B-00C04F79EFBC}") = "Labiko", "Labiko\Labiko.csproj", "{5E1B19B1-8E98-4168-BF08-DC6DF92FB49D}"
EndProject
Global
	GlobalSection(SolutionConfigurationPlatforms) = preSolution
		Debug|Any CPU = Debug|Any CPU
		Release|Any CPU = Release|Any CPU
	EndGlobalSection
	GlobalSection(ProjectConfigurationPlatforms) = postSolution
		{5E1B19B1-8E98-4168-BF08-DC6DF92FB49D}.Debug|Any CPU.ActiveCfg = Debug|Any CPU
		{5E1B19B1-8E98-4168-BF08-DC6DF92FB49D}.Debug|Any CPU.Build.0 = Debug|Any CPU
		{5E1B19B1-8E98-4168-BF08-DC6DF92FB49D}.Release|Any CPU.ActiveCfg = Release|Any CPU
		{5E1B19B1-8E98-4168-BF08-DC6DF92FB49D}.Release|Any CPU.Build.0 = Release|Any CPU
	EndGlobalSection
	GlobalSection(SolutionProperties) = preSolution
		HideSolutionNode = FALSE
	EndGlobalSection
	GlobalSection(ExtensibilityGlobals) = postSolution
		SolutionGuid = {94F409B4-633F-466E-B5E2-BC5DF1D08DA0}
	EndGlobalSection
EndGlobal
