
Microsoft Visual Studio Solution File, Format Version 12.00
# Visual Studio Version 17
VisualStudioVersion = 17.8.34330.188
MinimumVisualStudioVersion = 10.0.40219.1
Project("{FAE04EC0-301F-11D3-BF4B-00C04F79EFBC}") = "badgesys", "badgesys\badgesys.csproj", "{23128CF2-5099-4A4C-8D8C-E1BA13A2A712}"
EndProject
Global
	GlobalSection(SolutionConfigurationPlatforms) = preSolution
		Debug|Any CPU = Debug|Any CPU
		Release|Any CPU = Release|Any CPU
	EndGlobalSection
	GlobalSection(ProjectConfigurationPlatforms) = postSolution
		{23128CF2-5099-4A4C-8D8C-E1BA13A2A712}.Debug|Any CPU.ActiveCfg = Debug|Any CPU
		{23128CF2-5099-4A4C-8D8C-E1BA13A2A712}.Debug|Any CPU.Build.0 = Debug|Any CPU
		{23128CF2-5099-4A4C-8D8C-E1BA13A2A712}.Release|Any CPU.ActiveCfg = Release|Any CPU
		{23128CF2-5099-4A4C-8D8C-E1BA13A2A712}.Release|Any CPU.Build.0 = Release|Any CPU
	EndGlobalSection
	GlobalSection(SolutionProperties) = preSolution
		HideSolutionNode = FALSE
	EndGlobalSection
	GlobalSection(ExtensibilityGlobals) = postSolution
		SolutionGuid = {CC7B1CC1-4707-4834-83E0-BEF0F3643C4F}
	EndGlobalSection
EndGlobal
